PODS:
  - SkyboxUtil (0.1.0)

DEPENDENCIES:
  - SkyboxUtil (from `../SkyboxUtil.podspec`)

EXTERNAL SOURCES:
  SkyboxUtil:
    :podspec: ../SkyboxUtil.podspec

SPEC CHECKSUMS:
  SkyboxUtil: 73e9dfe3a7aa7c9fde32e1e868425b54bba9cdac

PODFILE CHECKSUM: d89f3b3b2db100a0095484cb933f5b6de14778ad

COCOAPODS: 1.3.1
